
Microsoft Visual Studio Solution File, Format Version 12.00
# Visual Studio Version 17
VisualStudioVersion = 17.8.34525.116
MinimumVisualStudioVersion = 10.0.40219.1
Project("{9A19103F-16F7-4668-BE54-9A1E7A4F7556}") = "SPG.WebApi", "SPG.WebApi.csproj", "{5E484F10-84C2-44C9-8065-1C8E4F829653}"
EndProject
Project("{FAE04EC0-301F-11D3-BF4B-00C04F79EFBC}") = "SPG.Data", "..\spg.data\SPG.Data.csproj", "{3B251643-DAE1-479E-A0CF-3E940B420C6E}"
EndProject
Project("{FAE04EC0-301F-11D3-BF4B-00C04F79EFBC}") = "SPG.Server", "..\spg.server\SPG.Server.csproj", "{9720AD90-AD9B-4F57-9401-74D7A6E78FF1}"
EndProject
Project("{FAE04EC0-301F-11D3-BF4B-00C04F79EFBC}") = "SPG.Intf", "..\spg.intl\SPG.Intf.csproj", "{E782FE54-7333-4E85-98FD-D51F92723B24}"
EndProject
Global
	GlobalSection(SolutionConfigurationPlatforms) = preSolution
		Debug|Any CPU = Debug|Any CPU
		Release|Any CPU = Release|Any CPU
	EndGlobalSection
	GlobalSection(ProjectConfigurationPlatforms) = postSolution
		{5E484F10-84C2-44C9-8065-1C8E4F829653}.Debug|Any CPU.ActiveCfg = Debug|Any CPU
		{5E484F10-84C2-44C9-8065-1C8E4F829653}.Debug|Any CPU.Build.0 = Debug|Any CPU
		{5E484F10-84C2-44C9-8065-1C8E4F829653}.Release|Any CPU.ActiveCfg = Release|Any CPU
		{5E484F10-84C2-44C9-8065-1C8E4F829653}.Release|Any CPU.Build.0 = Release|Any CPU
		{3B251643-DAE1-479E-A0CF-3E940B420C6E}.Debug|Any CPU.ActiveCfg = Debug|Any CPU
		{3B251643-DAE1-479E-A0CF-3E940B420C6E}.Debug|Any CPU.Build.0 = Debug|Any CPU
		{3B251643-DAE1-479E-A0CF-3E940B420C6E}.Release|Any CPU.ActiveCfg = Release|Any CPU
		{3B251643-DAE1-479E-A0CF-3E940B420C6E}.Release|Any CPU.Build.0 = Release|Any CPU
		{9720AD90-AD9B-4F57-9401-74D7A6E78FF1}.Debug|Any CPU.ActiveCfg = Debug|Any CPU
		{9720AD90-AD9B-4F57-9401-74D7A6E78FF1}.Debug|Any CPU.Build.0 = Debug|Any CPU
		{9720AD90-AD9B-4F57-9401-74D7A6E78FF1}.Release|Any CPU.ActiveCfg = Release|Any CPU
		{9720AD90-AD9B-4F57-9401-74D7A6E78FF1}.Release|Any CPU.Build.0 = Release|Any CPU
		{E782FE54-7333-4E85-98FD-D51F92723B24}.Debug|Any CPU.ActiveCfg = Debug|Any CPU
		{E782FE54-7333-4E85-98FD-D51F92723B24}.Debug|Any CPU.Build.0 = Debug|Any CPU
		{E782FE54-7333-4E85-98FD-D51F92723B24}.Release|Any CPU.ActiveCfg = Release|Any CPU
		{E782FE54-7333-4E85-98FD-D51F92723B24}.Release|Any CPU.Build.0 = Release|Any CPU
	EndGlobalSection
	GlobalSection(SolutionProperties) = preSolution
		HideSolutionNode = FALSE
	EndGlobalSection
	GlobalSection(ExtensibilityGlobals) = postSolution
		SolutionGuid = {939FDDA4-6EB9-472E-BA38-BA2AF69C1205}
	EndGlobalSection
EndGlobal
