
Microsoft Visual Studio Solution File, Format Version 12.00
# Visual Studio Version 17
VisualStudioVersion = 17.8.34525.116
MinimumVisualStudioVersion = 10.0.40219.1
Project("{9A19103F-16F7-4668-BE54-9A1E7A4F7556}") = "SPG.API", "SPG.API\SPG.API.csproj", "{B84D664E-82FA-420A-A529-2C90FB862CA8}"
EndProject
Project("{9A19103F-16F7-4668-BE54-9A1E7A4F7556}") = "SPG.Application", "SPG.Application\SPG.Application.csproj", "{7DB8DD7C-71A4-41C9-87EA-86F1CACE2C82}"
EndProject
Project("{9A19103F-16F7-4668-BE54-9A1E7A4F7556}") = "SPG.Domain", "SPG.Domain\SPG.Domain.csproj", "{D7CF03C7-C9DC-45A8-8C75-60A7F2EC968C}"
EndProject
Project("{9A19103F-16F7-4668-BE54-9A1E7A4F7556}") = "SPG.Data", "SPG.Data\SPG.Data.csproj", "{FC92BAB0-8E4E-4A94-AB33-627E4C9765FC}"
EndProject
Global
	GlobalSection(SolutionConfigurationPlatforms) = preSolution
		Debug|Any CPU = Debug|Any CPU
		Release|Any CPU = Release|Any CPU
	EndGlobalSection
	GlobalSection(ProjectConfigurationPlatforms) = postSolution
		{B84D664E-82FA-420A-A529-2C90FB862CA8}.Debug|Any CPU.ActiveCfg = Debug|Any CPU
		{B84D664E-82FA-420A-A529-2C90FB862CA8}.Debug|Any CPU.Build.0 = Debug|Any CPU
		{B84D664E-82FA-420A-A529-2C90FB862CA8}.Release|Any CPU.ActiveCfg = Release|Any CPU
		{B84D664E-82FA-420A-A529-2C90FB862CA8}.Release|Any CPU.Build.0 = Release|Any CPU
		{7DB8DD7C-71A4-41C9-87EA-86F1CACE2C82}.Debug|Any CPU.ActiveCfg = Debug|Any CPU
		{7DB8DD7C-71A4-41C9-87EA-86F1CACE2C82}.Debug|Any CPU.Build.0 = Debug|Any CPU
		{7DB8DD7C-71A4-41C9-87EA-86F1CACE2C82}.Release|Any CPU.ActiveCfg = Release|Any CPU
		{7DB8DD7C-71A4-41C9-87EA-86F1CACE2C82}.Release|Any CPU.Build.0 = Release|Any CPU
		{D7CF03C7-C9DC-45A8-8C75-60A7F2EC968C}.Debug|Any CPU.ActiveCfg = Debug|Any CPU
		{D7CF03C7-C9DC-45A8-8C75-60A7F2EC968C}.Debug|Any CPU.Build.0 = Debug|Any CPU
		{D7CF03C7-C9DC-45A8-8C75-60A7F2EC968C}.Release|Any CPU.ActiveCfg = Release|Any CPU
		{D7CF03C7-C9DC-45A8-8C75-60A7F2EC968C}.Release|Any CPU.Build.0 = Release|Any CPU
		{FC92BAB0-8E4E-4A94-AB33-627E4C9765FC}.Debug|Any CPU.ActiveCfg = Debug|Any CPU
		{FC92BAB0-8E4E-4A94-AB33-627E4C9765FC}.Debug|Any CPU.Build.0 = Debug|Any CPU
		{FC92BAB0-8E4E-4A94-AB33-627E4C9765FC}.Release|Any CPU.ActiveCfg = Release|Any CPU
		{FC92BAB0-8E4E-4A94-AB33-627E4C9765FC}.Release|Any CPU.Build.0 = Release|Any CPU
	EndGlobalSection
	GlobalSection(SolutionProperties) = preSolution
		HideSolutionNode = FALSE
	EndGlobalSection
	GlobalSection(ExtensibilityGlobals) = postSolution
		SolutionGuid = {B61A7B7F-409F-4AC3-8533-48DA39E52210}
	EndGlobalSection
EndGlobal
